// !$*UTF8*$!
{
	archiveVersion = 1;
	classes = {
	};
	objectVersion = 60;
	objects = {

/* Begin PBXBuildFile section */
		42A2363F2CF67D9E0093A1EA /* ColorList.swift in Sources */ = {isa = PBXBuildFile; fileRef = 42A2363E2CF67D970093A1EA /* ColorList.swift */; };
		BB9F877B2CAADC78001773CC /* AppDelegate.swift in Sources */ = {isa = PBXBuildFile; fileRef = BB9F877A2CAADC78001773CC /* AppDelegate.swift */; };
		BB9F877D2CAADC78001773CC /* SceneDelegate.swift in Sources */ = {isa = PBXBuildFile; fileRef = BB9F877C2CAADC78001773CC /* SceneDelegate.swift */; };
		BB9F877F2CAADC78001773CC /* VideoStreamViewController.swift in Sources */ = {isa = PBXBuildFile; fileRef = BB9F877E2CAADC78001773CC /* VideoStreamViewController.swift */; };
		BB9F87822CAADC78001773CC /* Base in Resources */ = {isa = PBXBuildFile; fileRef = BB9F87812CAADC78001773CC /* Base */; };
		BB9F87842CAADC79001773CC /* Assets.xcassets in Resources */ = {isa = PBXBuildFile; fileRef = BB9F87832CAADC79001773CC /* Assets.xcassets */; };
		BB9F87872CAADC79001773CC /* Base in Resources */ = {isa = PBXBuildFile; fileRef = BB9F87862CAADC79001773CC /* Base */; };
		BB9F87922CAADC79001773CC /* CameraCaptureTests.swift in Sources */ = {isa = PBXBuildFile; fileRef = BB9F87912CAADC79001773CC /* CameraCaptureTests.swift */; };
		BB9F879C2CAADC79001773CC /* CameraCaptureUITests.swift in Sources */ = {isa = PBXBuildFile; fileRef = BB9F879B2CAADC79001773CC /* CameraCaptureUITests.swift */; };
		BB9F879E2CAADC79001773CC /* CameraCaptureUITestsLaunchTests.swift in Sources */ = {isa = PBXBuildFile; fileRef = BB9F879D2CAADC79001773CC /* CameraCaptureUITestsLaunchTests.swift */; };
		BB9F87AD2CAB1952001773CC /* ViewController.swift in Sources */ = {isa = PBXBuildFile; fileRef = BB9F87AC2CAB1952001773CC /* ViewController.swift */; };
		BBD7F0742CE7ED7600FF0778 /* Teste1.DNG in Resources */ = {isa = PBXBuildFile; fileRef = BBD7F0712CE7ED7600FF0778 /* Teste1.DNG */; };
		BBD7F0752CE7ED7600FF0778 /* Teste3.DNG in Resources */ = {isa = PBXBuildFile; fileRef = BBD7F0732CE7ED7600FF0778 /* Teste3.DNG */; };
		BBD7F0762CE7ED7600FF0778 /* Teste2.DNG in Resources */ = {isa = PBXBuildFile; fileRef = BBD7F0722CE7ED7600FF0778 /* Teste2.DNG */; };
		BBD7F0792CE7EDB700FF0778 /* ViewExtensions.swift in Sources */ = {isa = PBXBuildFile; fileRef = BBD7F0782CE7EDB700FF0778 /* ViewExtensions.swift */; };
		BBD7F07B2CE7EFB100FF0778 /* TestViewController.swift in Sources */ = {isa = PBXBuildFile; fileRef = BBD7F07A2CE7EFB100FF0778 /* TestViewController.swift */; };
/* End PBXBuildFile section */

/* Begin PBXContainerItemProxy section */
		BB9F878E2CAADC79001773CC /* PBXContainerItemProxy */ = {
			isa = PBXContainerItemProxy;
			containerPortal = BB9F876F2CAADC78001773CC /* Project object */;
			proxyType = 1;
			remoteGlobalIDString = BB9F87762CAADC78001773CC;
			remoteInfo = CameraCapture;
		};
		BB9F87982CAADC79001773CC /* PBXContainerItemProxy */ = {
			isa = PBXContainerItemProxy;
			containerPortal = BB9F876F2CAADC78001773CC /* Project object */;
			proxyType = 1;
			remoteGlobalIDString = BB9F87762CAADC78001773CC;
			remoteInfo = CameraCapture;
		};
/* End PBXContainerItemProxy section */

/* Begin PBXFileReference section */
		42A2363E2CF67D970093A1EA /* ColorList.swift */ = {isa = PBXFileReference; lastKnownFileType = sourcecode.swift; path = ColorList.swift; sourceTree = "<group>"; };
		BB9F87772CAADC78001773CC /* CameraCapture.app */ = {isa = PBXFileReference; explicitFileType = wrapper.application; includeInIndex = 0; path = CameraCapture.app; sourceTree = BUILT_PRODUCTS_DIR; };
		BB9F877A2CAADC78001773CC /* AppDelegate.swift */ = {isa = PBXFileReference; lastKnownFileType = sourcecode.swift; path = AppDelegate.swift; sourceTree = "<group>"; };
		BB9F877C2CAADC78001773CC /* SceneDelegate.swift */ = {isa = PBXFileReference; lastKnownFileType = sourcecode.swift; path = SceneDelegate.swift; sourceTree = "<group>"; };
		BB9F877E2CAADC78001773CC /* VideoStreamViewController.swift */ = {isa = PBXFileReference; lastKnownFileType = sourcecode.swift; path = VideoStreamViewController.swift; sourceTree = "<group>"; };
		BB9F87812CAADC78001773CC /* Base */ = {isa = PBXFileReference; lastKnownFileType = file.storyboard; name = Base; path = Base.lproj/Main.storyboard; sourceTree = "<group>"; };
		BB9F87832CAADC79001773CC /* Assets.xcassets */ = {isa = PBXFileReference; lastKnownFileType = folder.assetcatalog; path = Assets.xcassets; sourceTree = "<group>"; };
		BB9F87862CAADC79001773CC /* Base */ = {isa = PBXFileReference; lastKnownFileType = file.storyboard; name = Base; path = Base.lproj/LaunchScreen.storyboard; sourceTree = "<group>"; };
		BB9F87882CAADC79001773CC /* Info.plist */ = {isa = PBXFileReference; lastKnownFileType = text.plist.xml; path = Info.plist; sourceTree = "<group>"; };
		BB9F878D2CAADC79001773CC /* CameraCaptureTests.xctest */ = {isa = PBXFileReference; explicitFileType = wrapper.cfbundle; includeInIndex = 0; path = CameraCaptureTests.xctest; sourceTree = BUILT_PRODUCTS_DIR; };
		BB9F87912CAADC79001773CC /* CameraCaptureTests.swift */ = {isa = PBXFileReference; lastKnownFileType = sourcecode.swift; path = CameraCaptureTests.swift; sourceTree = "<group>"; };
		BB9F87972CAADC79001773CC /* CameraCaptureUITests.xctest */ = {isa = PBXFileReference; explicitFileType = wrapper.cfbundle; includeInIndex = 0; path = CameraCaptureUITests.xctest; sourceTree = BUILT_PRODUCTS_DIR; };
		BB9F879B2CAADC79001773CC /* CameraCaptureUITests.swift */ = {isa = PBXFileReference; lastKnownFileType = sourcecode.swift; path = CameraCaptureUITests.swift; sourceTree = "<group>"; };
		BB9F879D2CAADC79001773CC /* CameraCaptureUITestsLaunchTests.swift */ = {isa = PBXFileReference; lastKnownFileType = sourcecode.swift; path = CameraCaptureUITestsLaunchTests.swift; sourceTree = "<group>"; };
		BB9F87AC2CAB1952001773CC /* ViewController.swift */ = {isa = PBXFileReference; lastKnownFileType = sourcecode.swift; path = ViewController.swift; sourceTree = "<group>"; };
		BBD7F0712CE7ED7600FF0778 /* Teste1.DNG */ = {isa = PBXFileReference; lastKnownFileType = file; path = Teste1.DNG; sourceTree = "<group>"; };
		BBD7F0722CE7ED7600FF0778 /* Teste2.DNG */ = {isa = PBXFileReference; lastKnownFileType = file; path = Teste2.DNG; sourceTree = "<group>"; };
		BBD7F0732CE7ED7600FF0778 /* Teste3.DNG */ = {isa = PBXFileReference; lastKnownFileType = file; path = Teste3.DNG; sourceTree = "<group>"; };
		BBD7F0782CE7EDB700FF0778 /* ViewExtensions.swift */ = {isa = PBXFileReference; lastKnownFileType = sourcecode.swift; path = ViewExtensions.swift; sourceTree = "<group>"; };
		BBD7F07A2CE7EFB100FF0778 /* TestViewController.swift */ = {isa = PBXFileReference; lastKnownFileType = sourcecode.swift; path = TestViewController.swift; sourceTree = "<group>"; };
/* End PBXFileReference section */

/* Begin PBXFrameworksBuildPhase section */
		BB9F87742CAADC78001773CC /* Frameworks */ = {
			isa = PBXFrameworksBuildPhase;
			buildActionMask = 2147483647;
			files = (
			);
			runOnlyForDeploymentPostprocessing = 0;
		};
		BB9F878A2CAADC79001773CC /* Frameworks */ = {
			isa = PBXFrameworksBuildPhase;
			buildActionMask = 2147483647;
			files = (
			);
			runOnlyForDeploymentPostprocessing = 0;
		};
		BB9F87942CAADC79001773CC /* Frameworks */ = {
			isa = PBXFrameworksBuildPhase;
			buildActionMask = 2147483647;
			files = (
			);
			runOnlyForDeploymentPostprocessing = 0;
		};
/* End PBXFrameworksBuildPhase section */

/* Begin PBXGroup section */
		BB9F876E2CAADC78001773CC = {
			isa = PBXGroup;
			children = (
				BB9F87792CAADC78001773CC /* CameraCapture */,
				BB9F87902CAADC79001773CC /* CameraCaptureTests */,
				BB9F879A2CAADC79001773CC /* CameraCaptureUITests */,
				BB9F87782CAADC78001773CC /* Products */,
			);
			sourceTree = "<group>";
		};
		BB9F87782CAADC78001773CC /* Products */ = {
			isa = PBXGroup;
			children = (
				BB9F87772CAADC78001773CC /* CameraCapture.app */,
				BB9F878D2CAADC79001773CC /* CameraCaptureTests.xctest */,
				BB9F87972CAADC79001773CC /* CameraCaptureUITests.xctest */,
			);
			name = Products;
			sourceTree = "<group>";
		};
		BB9F87792CAADC78001773CC /* CameraCapture */ = {
			isa = PBXGroup;
			children = (
				42A2363E2CF67D970093A1EA /* ColorList.swift */,
				BB9F877A2CAADC78001773CC /* AppDelegate.swift */,
				BB9F877C2CAADC78001773CC /* SceneDelegate.swift */,
				BB9F877E2CAADC78001773CC /* VideoStreamViewController.swift */,
				BB9F87AC2CAB1952001773CC /* ViewController.swift */,
				BBD7F07A2CE7EFB100FF0778 /* TestViewController.swift */,
				BBD7F0782CE7EDB700FF0778 /* ViewExtensions.swift */,
				BBD7F0702CE7ED4E00FF0778 /* TestImages */,
				BB9F87802CAADC78001773CC /* Main.storyboard */,
				BB9F87832CAADC79001773CC /* Assets.xcassets */,
				BB9F87852CAADC79001773CC /* LaunchScreen.storyboard */,
				BB9F87882CAADC79001773CC /* Info.plist */,
			);
			path = CameraCapture;
			sourceTree = "<group>";
		};
		BB9F87902CAADC79001773CC /* CameraCaptureTests */ = {
			isa = PBXGroup;
			children = (
				BB9F87912CAADC79001773CC /* CameraCaptureTests.swift */,
			);
			path = CameraCaptureTests;
			sourceTree = "<group>";
		};
		BB9F879A2CAADC79001773CC /* CameraCaptureUITests */ = {
			isa = PBXGroup;
			children = (
				BB9F879B2CAADC79001773CC /* CameraCaptureUITests.swift */,
				BB9F879D2CAADC79001773CC /* CameraCaptureUITestsLaunchTests.swift */,
			);
			path = CameraCaptureUITests;
			sourceTree = "<group>";
		};
		BBD7F0702CE7ED4E00FF0778 /* TestImages */ = {
			isa = PBXGroup;
			children = (
				BBD7F0712CE7ED7600FF0778 /* Teste1.DNG */,
				BBD7F0722CE7ED7600FF0778 /* Teste2.DNG */,
				BBD7F0732CE7ED7600FF0778 /* Teste3.DNG */,
			);
			path = TestImages;
			sourceTree = "<group>";
		};
/* End PBXGroup section */

/* Begin PBXNativeTarget section */
		BB9F87762CAADC78001773CC /* CameraCapture */ = {
			isa = PBXNativeTarget;
			buildConfigurationList = BB9F87A12CAADC79001773CC /* Build configuration list for PBXNativeTarget "CameraCapture" */;
			buildPhases = (
				BB9F87732CAADC78001773CC /* Sources */,
				BB9F87742CAADC78001773CC /* Frameworks */,
				BB9F87752CAADC78001773CC /* Resources */,
			);
			buildRules = (
			);
			dependencies = (
			);
			name = CameraCapture;
			productName = CameraCapture;
			productReference = BB9F87772CAADC78001773CC /* CameraCapture.app */;
			productType = "com.apple.product-type.application";
		};
		BB9F878C2CAADC79001773CC /* CameraCaptureTests */ = {
			isa = PBXNativeTarget;
			buildConfigurationList = BB9F87A42CAADC79001773CC /* Build configuration list for PBXNativeTarget "CameraCaptureTests" */;
			buildPhases = (
				BB9F87892CAADC79001773CC /* Sources */,
				BB9F878A2CAADC79001773CC /* Frameworks */,
				BB9F878B2CAADC79001773CC /* Resources */,
			);
			buildRules = (
			);
			dependencies = (
				BB9F878F2CAADC79001773CC /* PBXTargetDependency */,
			);
			name = CameraCaptureTests;
			productName = CameraCaptureTests;
			productReference = BB9F878D2CAADC79001773CC /* CameraCaptureTests.xctest */;
			productType = "com.apple.product-type.bundle.unit-test";
		};
		BB9F87962CAADC79001773CC /* CameraCaptureUITests */ = {
			isa = PBXNativeTarget;
			buildConfigurationList = BB9F87A72CAADC79001773CC /* Build configuration list for PBXNativeTarget "CameraCaptureUITests" */;
			buildPhases = (
				BB9F87932CAADC79001773CC /* Sources */,
				BB9F87942CAADC79001773CC /* Frameworks */,
				BB9F87952CAADC79001773CC /* Resources */,
			);
			buildRules = (
			);
			dependencies = (
				BB9F87992CAADC79001773CC /* PBXTargetDependency */,
			);
			name = CameraCaptureUITests;
			productName = CameraCaptureUITests;
			productReference = BB9F87972CAADC79001773CC /* CameraCaptureUITests.xctest */;
			productType = "com.apple.product-type.bundle.ui-testing";
		};
/* End PBXNativeTarget section */

/* Begin PBXProject section */
		BB9F876F2CAADC78001773CC /* Project object */ = {
			isa = PBXProject;
			attributes = {
				BuildIndependentTargetsInParallel = 1;
				LastSwiftUpdateCheck = 1600;
				LastUpgradeCheck = 1600;
				TargetAttributes = {
					BB9F87762CAADC78001773CC = {
						CreatedOnToolsVersion = 16.0;
					};
					BB9F878C2CAADC79001773CC = {
						CreatedOnToolsVersion = 16.0;
						TestTargetID = BB9F87762CAADC78001773CC;
					};
					BB9F87962CAADC79001773CC = {
						CreatedOnToolsVersion = 16.0;
						TestTargetID = BB9F87762CAADC78001773CC;
					};
				};
			};
			buildConfigurationList = BB9F87722CAADC78001773CC /* Build configuration list for PBXProject "CameraCapture" */;
			compatibilityVersion = "Xcode 15.0";
			developmentRegion = en;
			hasScannedForEncodings = 0;
			knownRegions = (
				en,
				Base,
			);
			mainGroup = BB9F876E2CAADC78001773CC;
			productRefGroup = BB9F87782CAADC78001773CC /* Products */;
			projectDirPath = "";
			projectRoot = "";
			targets = (
				BB9F87762CAADC78001773CC /* CameraCapture */,
				BB9F878C2CAADC79001773CC /* CameraCaptureTests */,
				BB9F87962CAADC79001773CC /* CameraCaptureUITests */,
			);
		};
/* End PBXProject section */

/* Begin PBXResourcesBuildPhase section */
		BB9F87752CAADC78001773CC /* Resources */ = {
			isa = PBXResourcesBuildPhase;
			buildActionMask = 2147483647;
			files = (
				BBD7F0742CE7ED7600FF0778 /* Teste1.DNG in Resources */,
				BBD7F0752CE7ED7600FF0778 /* Teste3.DNG in Resources */,
				BBD7F0762CE7ED7600FF0778 /* Teste2.DNG in Resources */,
				BB9F87842CAADC79001773CC /* Assets.xcassets in Resources */,
				BB9F87872CAADC79001773CC /* Base in Resources */,
				BB9F87822CAADC78001773CC /* Base in Resources */,
			);
			runOnlyForDeploymentPostprocessing = 0;
		};
		BB9F878B2CAADC79001773CC /* Resources */ = {
			isa = PBXResourcesBuildPhase;
			buildActionMask = 2147483647;
			files = (
			);
			runOnlyForDeploymentPostprocessing = 0;
		};
		BB9F87952CAADC79001773CC /* Resources */ = {
			isa = PBXResourcesBuildPhase;
			buildActionMask = 2147483647;
			files = (
			);
			runOnlyForDeploymentPostprocessing = 0;
		};
/* End PBXResourcesBuildPhase section */

/* Begin PBXSourcesBuildPhase section */
		BB9F87732CAADC78001773CC /* Sources */ = {
			isa = PBXSourcesBuildPhase;
			buildActionMask = 2147483647;
			files = (
				BB9F87AD2CAB1952001773CC /* ViewController.swift in Sources */,
				42A2363F2CF67D9E0093A1EA /* ColorList.swift in Sources */,
				BB9F877F2CAADC78001773CC /* VideoStreamViewController.swift in Sources */,
				BB9F877B2CAADC78001773CC /* AppDelegate.swift in Sources */,
				BBD7F0792CE7EDB700FF0778 /* ViewExtensions.swift in Sources */,
				BBD7F07B2CE7EFB100FF0778 /* TestViewController.swift in Sources */,
				BB9F877D2CAADC78001773CC /* SceneDelegate.swift in Sources */,
			);
			runOnlyForDeploymentPostprocessing = 0;
		};
		BB9F87892CAADC79001773CC /* Sources */ = {
			isa = PBXSourcesBuildPhase;
			buildActionMask = 2147483647;
			files = (
				BB9F87922CAADC79001773CC /* CameraCaptureTests.swift in Sources */,
			);
			runOnlyForDeploymentPostprocessing = 0;
		};
		BB9F87932CAADC79001773CC /* Sources */ = {
			isa = PBXSourcesBuildPhase;
			buildActionMask = 2147483647;
			files = (
				BB9F879E2CAADC79001773CC /* CameraCaptureUITestsLaunchTests.swift in Sources */,
				BB9F879C2CAADC79001773CC /* CameraCaptureUITests.swift in Sources */,
			);
			runOnlyForDeploymentPostprocessing = 0;
		};
/* End PBXSourcesBuildPhase section */

/* Begin PBXTargetDependency section */
		BB9F878F2CAADC79001773CC /* PBXTargetDependency */ = {
			isa = PBXTargetDependency;
			target = BB9F87762CAADC78001773CC /* CameraCapture */;
			targetProxy = BB9F878E2CAADC79001773CC /* PBXContainerItemProxy */;
		};
		BB9F87992CAADC79001773CC /* PBXTargetDependency */ = {
			isa = PBXTargetDependency;
			target = BB9F87762CAADC78001773CC /* CameraCapture */;
			targetProxy = BB9F87982CAADC79001773CC /* PBXContainerItemProxy */;
		};
/* End PBXTargetDependency section */

/* Begin PBXVariantGroup section */
		BB9F87802CAADC78001773CC /* Main.storyboard */ = {
			isa = PBXVariantGroup;
			children = (
				BB9F87812CAADC78001773CC /* Base */,
			);
			name = Main.storyboard;
			sourceTree = "<group>";
		};
		BB9F87852CAADC79001773CC /* LaunchScreen.storyboard */ = {
			isa = PBXVariantGroup;
			children = (
				BB9F87862CAADC79001773CC /* Base */,
			);
			name = LaunchScreen.storyboard;
			sourceTree = "<group>";
		};
/* End PBXVariantGroup section */

/* Begin XCBuildConfiguration section */
		BB9F879F2CAADC79001773CC /* Debug */ = {
			isa = XCBuildConfiguration;
			buildSettings = {
				ALWAYS_SEARCH_USER_PATHS = NO;
				ASSETCATALOG_COMPILER_GENERATE_SWIFT_ASSET_SYMBOL_EXTENSIONS = YES;
				CLANG_ANALYZER_NONNULL = YES;
				CLANG_ANALYZER_NUMBER_OBJECT_CONVERSION = YES_AGGRESSIVE;
				CLANG_CXX_LANGUAGE_STANDARD = "gnu++20";
				CLANG_ENABLE_MODULES = YES;
				CLANG_ENABLE_OBJC_ARC = YES;
				CLANG_ENABLE_OBJC_WEAK = YES;
				CLANG_WARN_BLOCK_CAPTURE_AUTORELEASING = YES;
				CLANG_WARN_BOOL_CONVERSION = YES;
				CLANG_WARN_COMMA = YES;
				CLANG_WARN_CONSTANT_CONVERSION = YES;
				CLANG_WARN_DEPRECATED_OBJC_IMPLEMENTATIONS = YES;
				CLANG_WARN_DIRECT_OBJC_ISA_USAGE = YES_ERROR;
				CLANG_WARN_DOCUMENTATION_COMMENTS = YES;
				CLANG_WARN_EMPTY_BODY = YES;
				CLANG_WARN_ENUM_CONVERSION = YES;
				CLANG_WARN_INFINITE_RECURSION = YES;
				CLANG_WARN_INT_CONVERSION = YES;
				CLANG_WARN_NON_LITERAL_NULL_CONVERSION = YES;
				CLANG_WARN_OBJC_IMPLICIT_RETAIN_SELF = YES;
				CLANG_WARN_OBJC_LITERAL_CONVERSION = YES;
				CLANG_WARN_OBJC_ROOT_CLASS = YES_ERROR;
				CLANG_WARN_QUOTED_INCLUDE_IN_FRAMEWORK_HEADER = YES;
				CLANG_WARN_RANGE_LOOP_ANALYSIS = YES;
				CLANG_WARN_STRICT_PROTOTYPES = YES;
				CLANG_WARN_SUSPICIOUS_MOVE = YES;
				CLANG_WARN_UNGUARDED_AVAILABILITY = YES_AGGRESSIVE;
				CLANG_WARN_UNREACHABLE_CODE = YES;
				CLANG_WARN__DUPLICATE_METHOD_MATCH = YES;
				COPY_PHASE_STRIP = NO;
				DEBUG_INFORMATION_FORMAT = dwarf;
				ENABLE_STRICT_OBJC_MSGSEND = YES;
				ENABLE_TESTABILITY = YES;
				ENABLE_USER_SCRIPT_SANDBOXING = YES;
				GCC_C_LANGUAGE_STANDARD = gnu17;
				GCC_DYNAMIC_NO_PIC = NO;
				GCC_NO_COMMON_BLOCKS = YES;
				GCC_OPTIMIZATION_LEVEL = 0;
				GCC_PREPROCESSOR_DEFINITIONS = (
					"DEBUG=1",
					"$(inherited)",
				);
				GCC_WARN_64_TO_32_BIT_CONVERSION = YES;
				GCC_WARN_ABOUT_RETURN_TYPE = YES_ERROR;
				GCC_WARN_UNDECLARED_SELECTOR = YES;
				GCC_WARN_UNINITIALIZED_AUTOS = YES_AGGRESSIVE;
				GCC_WARN_UNUSED_FUNCTION = YES;
				GCC_WARN_UNUSED_VARIABLE = YES;
				IPHONEOS_DEPLOYMENT_TARGET = 18.0;
				LOCALIZATION_PREFERS_STRING_CATALOGS = YES;
				MTL_ENABLE_DEBUG_INFO = INCLUDE_SOURCE;
				MTL_FAST_MATH = YES;
				ONLY_ACTIVE_ARCH = YES;
				SDKROOT = iphoneos;
				SWIFT_ACTIVE_COMPILATION_CONDITIONS = "DEBUG $(inherited)";
				SWIFT_OPTIMIZATION_LEVEL = "-Onone";
			};
			name = Debug;
		};
		BB9F87A02CAADC79001773CC /* Release */ = {
			isa = XCBuildConfiguration;
			buildSettings = {
				ALWAYS_SEARCH_USER_PATHS = NO;
				ASSETCATALOG_COMPILER_GENERATE_SWIFT_ASSET_SYMBOL_EXTENSIONS = YES;
				CLANG_ANALYZER_NONNULL = YES;
				CLANG_ANALYZER_NUMBER_OBJECT_CONVERSION = YES_AGGRESSIVE;
				CLANG_CXX_LANGUAGE_STANDARD = "gnu++20";
				CLANG_ENABLE_MODULES = YES;
				CLANG_ENABLE_OBJC_ARC = YES;
				CLANG_ENABLE_OBJC_WEAK = YES;
				CLANG_WARN_BLOCK_CAPTURE_AUTORELEASING = YES;
				CLANG_WARN_BOOL_CONVERSION = YES;
				CLANG_WARN_COMMA = YES;
				CLANG_WARN_CONSTANT_CONVERSION = YES;
				CLANG_WARN_DEPRECATED_OBJC_IMPLEMENTATIONS = YES;
				CLANG_WARN_DIRECT_OBJC_ISA_USAGE = YES_ERROR;
				CLANG_WARN_DOCUMENTATION_COMMENTS = YES;
				CLANG_WARN_EMPTY_BODY = YES;
				CLANG_WARN_ENUM_CONVERSION = YES;
				CLANG_WARN_INFINITE_RECURSION = YES;
				CLANG_WARN_INT_CONVERSION = YES;
				CLANG_WARN_NON_LITERAL_NULL_CONVERSION = YES;
				CLANG_WARN_OBJC_IMPLICIT_RETAIN_SELF = YES;
				CLANG_WARN_OBJC_LITERAL_CONVERSION = YES;
				CLANG_WARN_OBJC_ROOT_CLASS = YES_ERROR;
				CLANG_WARN_QUOTED_INCLUDE_IN_FRAMEWORK_HEADER = YES;
				CLANG_WARN_RANGE_LOOP_ANALYSIS = YES;
				CLANG_WARN_STRICT_PROTOTYPES = YES;
				CLANG_WARN_SUSPICIOUS_MOVE = YES;
				CLANG_WARN_UNGUARDED_AVAILABILITY = YES_AGGRESSIVE;
				CLANG_WARN_UNREACHABLE_CODE = YES;
				CLANG_WARN__DUPLICATE_METHOD_MATCH = YES;
				COPY_PHASE_STRIP = NO;
				DEBUG_INFORMATION_FORMAT = "dwarf-with-dsym";
				ENABLE_NS_ASSERTIONS = NO;
				ENABLE_STRICT_OBJC_MSGSEND = YES;
				ENABLE_USER_SCRIPT_SANDBOXING = YES;
				GCC_C_LANGUAGE_STANDARD = gnu17;
				GCC_NO_COMMON_BLOCKS = YES;
				GCC_WARN_64_TO_32_BIT_CONVERSION = YES;
				GCC_WARN_ABOUT_RETURN_TYPE = YES_ERROR;
				GCC_WARN_UNDECLARED_SELECTOR = YES;
				GCC_WARN_UNINITIALIZED_AUTOS = YES_AGGRESSIVE;
				GCC_WARN_UNUSED_FUNCTION = YES;
				GCC_WARN_UNUSED_VARIABLE = YES;
				IPHONEOS_DEPLOYMENT_TARGET = 18.0;
				LOCALIZATION_PREFERS_STRING_CATALOGS = YES;
				MTL_ENABLE_DEBUG_INFO = NO;
				MTL_FAST_MATH = YES;
				SDKROOT = iphoneos;
				SWIFT_COMPILATION_MODE = wholemodule;
				VALIDATE_PRODUCT = YES;
			};
			name = Release;
		};
		BB9F87A22CAADC79001773CC /* Debug */ = {
			isa = XCBuildConfiguration;
			buildSettings = {
				ASSETCATALOG_COMPILER_APPICON_NAME = AppIcon;
				ASSETCATALOG_COMPILER_GLOBAL_ACCENT_COLOR_NAME = AccentColor;
				CODE_SIGN_STYLE = Automatic;
				CURRENT_PROJECT_VERSION = 1;
				DEVELOPMENT_TEAM = 67AYPRFZH8;
				GENERATE_INFOPLIST_FILE = YES;
				INFOPLIST_FILE = CameraCapture/Info.plist;
				INFOPLIST_KEY_NSCameraUsageDescription = "I need acces to your camera to take great raw pictures.";
				INFOPLIST_KEY_NSPhotoLibraryUsageDescription = "I need acces to your photos to save the picture";
				INFOPLIST_KEY_UIApplicationSupportsIndirectInputEvents = YES;
				INFOPLIST_KEY_UILaunchStoryboardName = LaunchScreen;
				INFOPLIST_KEY_UIMainStoryboardFile = Main;
				INFOPLIST_KEY_UISupportedInterfaceOrientations = "UIInterfaceOrientationLandscapeRight UIInterfaceOrientationPortrait";
				INFOPLIST_KEY_UISupportedInterfaceOrientations_iPad = "UIInterfaceOrientationLandscapeLeft UIInterfaceOrientationLandscapeRight UIInterfaceOrientationPortrait UIInterfaceOrientationPortraitUpsideDown";
				IPHONEOS_DEPLOYMENT_TARGET = 17.6;
				LD_RUNPATH_SEARCH_PATHS = (
					"$(inherited)",
					"@executable_path/Frameworks",
				);
				MARKETING_VERSION = 1.0;
				PRODUCT_BUNDLE_IDENTIFIER = "ecoa.puc-rio.br.CameraCapture";
				PRODUCT_NAME = "$(TARGET_NAME)";
				SWIFT_EMIT_LOC_STRINGS = YES;
				SWIFT_VERSION = 5.0;
				TARGETED_DEVICE_FAMILY = "1,2";
			};
			name = Debug;
		};
		BB9F87A32CAADC79001773CC /* Release */ = {
			isa = XCBuildConfiguration;
			buildSettings = {
				ASSETCATALOG_COMPILER_APPICON_NAME = AppIcon;
				ASSETCATALOG_COMPILER_GLOBAL_ACCENT_COLOR_NAME = AccentColor;
				CODE_SIGN_STYLE = Automatic;
				CURRENT_PROJECT_VERSION = 1;
				DEVELOPMENT_TEAM = 67AYPRFZH8;
				GENERATE_INFOPLIST_FILE = YES;
				INFOPLIST_FILE = CameraCapture/Info.plist;
				INFOPLIST_KEY_NSCameraUsageDescription = "I need acces to your camera to take great raw pictures.";
				INFOPLIST_KEY_NSPhotoLibraryUsageDescription = "I need acces to your photos to save the picture";
				INFOPLIST_KEY_UIApplicationSupportsIndirectInputEvents = YES;
				INFOPLIST_KEY_UILaunchStoryboardName = LaunchScreen;
				INFOPLIST_KEY_UIMainStoryboardFile = Main;
				INFOPLIST_KEY_UISupportedInterfaceOrientations = "UIInterfaceOrientationLandscapeRight UIInterfaceOrientationPortrait";
				INFOPLIST_KEY_UISupportedInterfaceOrientations_iPad = "UIInterfaceOrientationLandscapeLeft UIInterfaceOrientationLandscapeRight UIInterfaceOrientationPortrait UIInterfaceOrientationPortraitUpsideDown";
				IPHONEOS_DEPLOYMENT_TARGET = 17.6;
				LD_RUNPATH_SEARCH_PATHS = (
					"$(inherited)",
					"@executable_path/Frameworks",
				);
				MARKETING_VERSION = 1.0;
				PRODUCT_BUNDLE_IDENTIFIER = "ecoa.puc-rio.br.CameraCapture";
				PRODUCT_NAME = "$(TARGET_NAME)";
				SWIFT_EMIT_LOC_STRINGS = YES;
				SWIFT_VERSION = 5.0;
				TARGETED_DEVICE_FAMILY = "1,2";
			};
			name = Release;
		};
		BB9F87A52CAADC79001773CC /* Debug */ = {
			isa = XCBuildConfiguration;
			buildSettings = {
				BUNDLE_LOADER = "$(TEST_HOST)";
				CODE_SIGN_STYLE = Automatic;
				CURRENT_PROJECT_VERSION = 1;
				DEVELOPMENT_TEAM = 67AYPRFZH8;
				GENERATE_INFOPLIST_FILE = YES;
				IPHONEOS_DEPLOYMENT_TARGET = 18.0;
				MARKETING_VERSION = 1.0;
				PRODUCT_BUNDLE_IDENTIFIER = "ecoa.puc-rio.br.CameraCaptureTests";
				PRODUCT_NAME = "$(TARGET_NAME)";
				SWIFT_EMIT_LOC_STRINGS = NO;
				SWIFT_VERSION = 5.0;
				TARGETED_DEVICE_FAMILY = "1,2";
				TEST_HOST = "$(BUILT_PRODUCTS_DIR)/CameraCapture.app/$(BUNDLE_EXECUTABLE_FOLDER_PATH)/CameraCapture";
			};
			name = Debug;
		};
		BB9F87A62CAADC79001773CC /* Release */ = {
			isa = XCBuildConfiguration;
			buildSettings = {
				BUNDLE_LOADER = "$(TEST_HOST)";
				CODE_SIGN_STYLE = Automatic;
				CURRENT_PROJECT_VERSION = 1;
				DEVELOPMENT_TEAM = 67AYPRFZH8;
				GENERATE_INFOPLIST_FILE = YES;
				IPHONEOS_DEPLOYMENT_TARGET = 18.0;
				MARKETING_VERSION = 1.0;
				PRODUCT_BUNDLE_IDENTIFIER = "ecoa.puc-rio.br.CameraCaptureTests";
				PRODUCT_NAME = "$(TARGET_NAME)";
				SWIFT_EMIT_LOC_STRINGS = NO;
				SWIFT_VERSION = 5.0;
				TARGETED_DEVICE_FAMILY = "1,2";
				TEST_HOST = "$(BUILT_PRODUCTS_DIR)/CameraCapture.app/$(BUNDLE_EXECUTABLE_FOLDER_PATH)/CameraCapture";
			};
			name = Release;
		};
		BB9F87A82CAADC79001773CC /* Debug */ = {
			isa = XCBuildConfiguration;
			buildSettings = {
				CODE_SIGN_STYLE = Automatic;
				CURRENT_PROJECT_VERSION = 1;
				DEVELOPMENT_TEAM = 67AYPRFZH8;
				GENERATE_INFOPLIST_FILE = YES;
				MARKETING_VERSION = 1.0;
				PRODUCT_BUNDLE_IDENTIFIER = "ecoa.puc-rio.br.CameraCaptureUITests";
				PRODUCT_NAME = "$(TARGET_NAME)";
				SWIFT_EMIT_LOC_STRINGS = NO;
				SWIFT_VERSION = 5.0;
				TARGETED_DEVICE_FAMILY = "1,2";
				TEST_TARGET_NAME = CameraCapture;
			};
			name = Debug;
		};
		BB9F87A92CAADC79001773CC /* Release */ = {
			isa = XCBuildConfiguration;
			buildSettings = {
				CODE_SIGN_STYLE = Automatic;
				CURRENT_PROJECT_VERSION = 1;
				DEVELOPMENT_TEAM = 67AYPRFZH8;
				GENERATE_INFOPLIST_FILE = YES;
				MARKETING_VERSION = 1.0;
				PRODUCT_BUNDLE_IDENTIFIER = "ecoa.puc-rio.br.CameraCaptureUITests";
				PRODUCT_NAME = "$(TARGET_NAME)";
				SWIFT_EMIT_LOC_STRINGS = NO;
				SWIFT_VERSION = 5.0;
				TARGETED_DEVICE_FAMILY = "1,2";
				TEST_TARGET_NAME = CameraCapture;
			};
			name = Release;
		};
/* End XCBuildConfiguration section */

/* Begin XCConfigurationList section */
		BB9F87722CAADC78001773CC /* Build configuration list for PBXProject "CameraCapture" */ = {
			isa = XCConfigurationList;
			buildConfigurations = (
				BB9F879F2CAADC79001773CC /* Debug */,
				BB9F87A02CAADC79001773CC /* Release */,
			);
			defaultConfigurationIsVisible = 0;
			defaultConfigurationName = Release;
		};
		BB9F87A12CAADC79001773CC /* Build configuration list for PBXNativeTarget "CameraCapture" */ = {
			isa = XCConfigurationList;
			buildConfigurations = (
				BB9F87A22CAADC79001773CC /* Debug */,
				BB9F87A32CAADC79001773CC /* Release */,
			);
			defaultConfigurationIsVisible = 0;
			defaultConfigurationName = Release;
		};
		BB9F87A42CAADC79001773CC /* Build configuration list for PBXNativeTarget "CameraCaptureTests" */ = {
			isa = XCConfigurationList;
			buildConfigurations = (
				BB9F87A52CAADC79001773CC /* Debug */,
				BB9F87A62CAADC79001773CC /* Release */,
			);
			defaultConfigurationIsVisible = 0;
			defaultConfigurationName = Release;
		};
		BB9F87A72CAADC79001773CC /* Build configuration list for PBXNativeTarget "CameraCaptureUITests" */ = {
			isa = XCConfigurationList;
			buildConfigurations = (
				BB9F87A82CAADC79001773CC /* Debug */,
				BB9F87A92CAADC79001773CC /* Release */,
			);
			defaultConfigurationIsVisible = 0;
			defaultConfigurationName = Release;
		};
/* End XCConfigurationList section */
	};
	rootObject = BB9F876F2CAADC78001773CC /* Project object */;
}
